
Microsoft Visual Studio Solution File, Format Version 11.00
# Visual Studio 2010
Project("{8BC9CEB8-8B4A-11D0-8D11-00A0C91BC942}") = "Unit02Demo05", "Unit02Demo05\Unit02Demo05.vcxproj", "{C84F99C9-0563-4CB2-A5EC-04385B2F44FC}"
EndProject
Global
	GlobalSection(SolutionConfigurationPlatforms) = preSolution
		Debug|Win32 = Debug|Win32
		Release|Win32 = Release|Win32
	EndGlobalSection
	GlobalSection(ProjectConfigurationPlatforms) = postSolution
		{C84F99C9-0563-4CB2-A5EC-04385B2F44FC}.Debug|Win32.ActiveCfg = Debug|Win32
		{C84F99C9-0563-4CB2-A5EC-04385B2F44FC}.Debug|Win32.Build.0 = Debug|Win32
		{C84F99C9-0563-4CB2-A5EC-04385B2F44FC}.Release|Win32.ActiveCfg = Release|Win32
		{C84F99C9-0563-4CB2-A5EC-04385B2F44FC}.Release|Win32.Build.0 = Release|Win32
	EndGlobalSection
	GlobalSection(SolutionProperties) = preSolution
		HideSolutionNode = FALSE
	EndGlobalSection
EndGlobal
