
Microsoft Visual Studio Solution File, Format Version 11.00
# Visual Studio 2010
Project("{8BC9CEB8-8B4A-11D0-8D11-00A0C91BC942}") = "Assignment11ForLoops", "Assignment11ForLoops\Assignment11ForLoops.vcxproj", "{E0123D89-1C8B-4E17-BB9F-BEEBDD9F77F2}"
EndProject
Global
	GlobalSection(SolutionConfigurationPlatforms) = preSolution
		Debug|Win32 = Debug|Win32
		Release|Win32 = Release|Win32
	EndGlobalSection
	GlobalSection(ProjectConfigurationPlatforms) = postSolution
		{E0123D89-1C8B-4E17-BB9F-BEEBDD9F77F2}.Debug|Win32.ActiveCfg = Debug|Win32
		{E0123D89-1C8B-4E17-BB9F-BEEBDD9F77F2}.Debug|Win32.Build.0 = Debug|Win32
		{E0123D89-1C8B-4E17-BB9F-BEEBDD9F77F2}.Release|Win32.ActiveCfg = Release|Win32
		{E0123D89-1C8B-4E17-BB9F-BEEBDD9F77F2}.Release|Win32.Build.0 = Release|Win32
	EndGlobalSection
	GlobalSection(SolutionProperties) = preSolution
		HideSolutionNode = FALSE
	EndGlobalSection
EndGlobal
