
Microsoft Visual Studio Solution File, Format Version 11.00
# Visual Studio 2010
Project("{8BC9CEB8-8B4A-11D0-8D11-00A0C91BC942}") = "Unit02Demo03", "Unit02Demo03\Unit02Demo03.vcxproj", "{CC8455C1-D617-4309-BF8C-9626BB190EDA}"
EndProject
Global
	GlobalSection(SolutionConfigurationPlatforms) = preSolution
		Debug|Win32 = Debug|Win32
		Release|Win32 = Release|Win32
	EndGlobalSection
	GlobalSection(ProjectConfigurationPlatforms) = postSolution
		{CC8455C1-D617-4309-BF8C-9626BB190EDA}.Debug|Win32.ActiveCfg = Debug|Win32
		{CC8455C1-D617-4309-BF8C-9626BB190EDA}.Debug|Win32.Build.0 = Debug|Win32
		{CC8455C1-D617-4309-BF8C-9626BB190EDA}.Release|Win32.ActiveCfg = Release|Win32
		{CC8455C1-D617-4309-BF8C-9626BB190EDA}.Release|Win32.Build.0 = Release|Win32
	EndGlobalSection
	GlobalSection(SolutionProperties) = preSolution
		HideSolutionNode = FALSE
	EndGlobalSection
EndGlobal
